
Microsoft Visual Studio Solution File, Format Version 12.00
Project("{FAE04EC0-301F-11D3-BF4B-00C04F79EFBC}") = "Maze", "Maze\Maze.csproj", "{A9FC152C-A0D2-4C62-9444-028683DFC02C}"
EndProject
Project("{FAE04EC0-301F-11D3-BF4B-00C04F79EFBC}") = "Maze.UnitTests", "Maze.UnitTests\Maze.UnitTests.csproj", "{F2A97379-B1F0-415F-AAC1-562B74831B59}"
EndProject
Global
	GlobalSection(SolutionConfigurationPlatforms) = preSolution
		Debug|Any CPU = Debug|Any CPU
		Release|Any CPU = Release|Any CPU
	EndGlobalSection
	GlobalSection(ProjectConfigurationPlatforms) = postSolution
		{A9FC152C-A0D2-4C62-9444-028683DFC02C}.Debug|Any CPU.ActiveCfg = Debug|Any CPU
		{A9FC152C-A0D2-4C62-9444-028683DFC02C}.Debug|Any CPU.Build.0 = Debug|Any CPU
		{A9FC152C-A0D2-4C62-9444-028683DFC02C}.Release|Any CPU.ActiveCfg = Release|Any CPU
		{A9FC152C-A0D2-4C62-9444-028683DFC02C}.Release|Any CPU.Build.0 = Release|Any CPU
		{F2A97379-B1F0-415F-AAC1-562B74831B59}.Debug|Any CPU.ActiveCfg = Debug|Any CPU
		{F2A97379-B1F0-415F-AAC1-562B74831B59}.Debug|Any CPU.Build.0 = Debug|Any CPU
		{F2A97379-B1F0-415F-AAC1-562B74831B59}.Release|Any CPU.ActiveCfg = Release|Any CPU
		{F2A97379-B1F0-415F-AAC1-562B74831B59}.Release|Any CPU.Build.0 = Release|Any CPU
	EndGlobalSection
EndGlobal
